
Microsoft Visual Studio Solution File, Format Version 12.00
# Visual Studio Version 16
VisualStudioVersion = 16.0.30204.135
MinimumVisualStudioVersion = 10.0.40219.1
Project("{FAE04EC0-301F-11D3-BF4B-00C04F79EFBC}") = "BackupManager", "BackupManager.csproj", "{FA651C2D-B446-4B50-8FB6-172A3A0E5B17}"
EndProject
Project("{FAE04EC0-301F-11D3-BF4B-00C04F79EFBC}") = "FileSystemHelperLib", "..\FileSystemHelperLib\FileSystemHelperLib.csproj", "{54B15CF2-8622-44F4-9CD2-B1D7580B0F17}"
EndProject
Project("{FAE04EC0-301F-11D3-BF4B-00C04F79EFBC}") = "BackupManager.Models", "..\BackupManager.Models\BackupManager.Models.csproj", "{C7C4D34A-6480-4557-BA51-2D39500ED757}"
EndProject
Global
	GlobalSection(SolutionConfigurationPlatforms) = preSolution
		Debug|Any CPU = Debug|Any CPU
		Release|Any CPU = Release|Any CPU
	EndGlobalSection
	GlobalSection(ProjectConfigurationPlatforms) = postSolution
		{FA651C2D-B446-4B50-8FB6-172A3A0E5B17}.Debug|Any CPU.ActiveCfg = Debug|Any CPU
		{FA651C2D-B446-4B50-8FB6-172A3A0E5B17}.Debug|Any CPU.Build.0 = Debug|Any CPU
		{FA651C2D-B446-4B50-8FB6-172A3A0E5B17}.Release|Any CPU.ActiveCfg = Release|Any CPU
		{FA651C2D-B446-4B50-8FB6-172A3A0E5B17}.Release|Any CPU.Build.0 = Release|Any CPU
		{54B15CF2-8622-44F4-9CD2-B1D7580B0F17}.Debug|Any CPU.ActiveCfg = Debug|Any CPU
		{54B15CF2-8622-44F4-9CD2-B1D7580B0F17}.Debug|Any CPU.Build.0 = Debug|Any CPU
		{54B15CF2-8622-44F4-9CD2-B1D7580B0F17}.Release|Any CPU.ActiveCfg = Release|Any CPU
		{54B15CF2-8622-44F4-9CD2-B1D7580B0F17}.Release|Any CPU.Build.0 = Release|Any CPU
		{C7C4D34A-6480-4557-BA51-2D39500ED757}.Debug|Any CPU.ActiveCfg = Debug|Any CPU
		{C7C4D34A-6480-4557-BA51-2D39500ED757}.Debug|Any CPU.Build.0 = Debug|Any CPU
		{C7C4D34A-6480-4557-BA51-2D39500ED757}.Release|Any CPU.ActiveCfg = Release|Any CPU
		{C7C4D34A-6480-4557-BA51-2D39500ED757}.Release|Any CPU.Build.0 = Release|Any CPU
	EndGlobalSection
	GlobalSection(SolutionProperties) = preSolution
		HideSolutionNode = FALSE
	EndGlobalSection
	GlobalSection(ExtensibilityGlobals) = postSolution
		SolutionGuid = {4DFB0382-BCD8-4D56-A2AE-02017025A600}
	EndGlobalSection
EndGlobal
